# THIS IS AN AUTOGENERATED FILE. DO NOT EDIT THIS FILE DIRECTLY.
# yarn lockfile v1


"@types/accepts@*":
  version "1.3.2"
  resolved "http://registry.npm.taobao.org/@types/accepts/download/@types/accepts-1.3.2.tgz#52897ad5a51f05ea2f57f8e8136085c7d1c385a5"

"@types/bluebird@*":
  version "3.5.1"
  resolved "http://registry.npm.taobao.org/@types/bluebird/download/@types/bluebird-3.5.1.tgz#014ead7233d772b190312cfa045fc70869e9803e"

"@types/cookies@*":
  version "0.6.0"
  resolved "http://registry.npm.taobao.org/@types/cookies/download/@types/cookies-0.6.0.tgz#f5e8df2357502a895d5627e2fb8b174b3b269461"
  dependencies:
    "@types/keygrip" "*"
    "@types/node" "*"

"@types/fs-extra@0.0.37":
  version "0.0.37"
  resolved "http://registry.npm.taobao.org/@types/fs-extra/download/@types/fs-extra-0.0.37.tgz#195f11bcd9a1b97d9e412c6b66899b545471a1f7"
  dependencies:
    "@types/node" "*"

"@types/http-assert@*":
  version "1.2.0"
  resolved "http://registry.npm.taobao.org/@types/http-assert/download/@types/http-assert-1.2.0.tgz#0b82993036e86c6ff2944e033b73b57e85ccdcab"

"@types/keygrip@*":
  version "1.0.0"
  resolved "http://registry.npm.taobao.org/@types/keygrip/download/@types/keygrip-1.0.0.tgz#20bcf84e8962aeca5d1789802b93644262870d28"

"@types/koa-bodyparser@^3.0.23":
  version "3.0.23"
  resolved "http://registry.npm.taobao.org/@types/koa-bodyparser/download/@types/koa-bodyparser-3.0.23.tgz#0e719b708d463d1ea31a25971c485c2e4eb6ced4"
  dependencies:
    "@types/koa" "*"

"@types/koa-compose@*":
  version "3.2.1"
  resolved "http://registry.npm.taobao.org/@types/koa-compose/download/@types/koa-compose-3.2.1.tgz#433fecd8cee470c40a10cf62e63bfdbc480a0ebf"

"@types/koa-logger@^2.0.2":
  version "2.0.2"
  resolved "http://registry.npm.taobao.org/@types/koa-logger/download/@types/koa-logger-2.0.2.tgz#15538a07c5fbfdecdb9c4c7b59de0d2f8be37bf2"
  dependencies:
    "@types/koa" "*"

"@types/koa-router@^7.0.21":
  version "7.0.22"
  resolved "http://registry.npm.taobao.org/@types/koa-router/download/@types/koa-router-7.0.22.tgz#92b4b533f074036250892fe35bb6329ee9242def"
  dependencies:
    "@types/koa" "*"

"@types/koa@*", "@types/koa@^2.0.37":
  version "2.0.39"
  resolved "http://registry.npm.taobao.org/@types/koa/download/@types/koa-2.0.39.tgz#45ba1249d8849b9b0ff8c1d6d2f80b0838b89ffa"
  dependencies:
    "@types/accepts" "*"
    "@types/cookies" "*"
    "@types/http-assert" "*"
    "@types/keygrip" "*"
    "@types/koa-compose" "*"
    "@types/node" "*"

"@types/lodash@*":
  version "4.14.57"
  resolved "http://registry.npm.taobao.org/@types/lodash/download/@types/lodash-4.14.57.tgz#f0095fb15ec1004455613f3ad73766583e62f830"

"@types/mysql@0.0.31":
  version "0.0.31"
  resolved "http://registry.npm.taobao.org/@types/mysql/download/@types/mysql-0.0.31.tgz#adfca28119135f39a85d52aaaea243d425bc704c"
  dependencies:
    "@types/node" "*"

"@types/mz@0.0.30":
  version "0.0.30"
  resolved "http://registry.npm.taobao.org/@types/mz/download/@types/mz-0.0.30.tgz#58daa9f35811d607037bab1f9cc7d4a23e6aafae"
  dependencies:
    "@types/node" "*"

"@types/node@*", "@types/node@^7.0.8":
  version "7.0.10"
  resolved "http://registry.npm.taobao.org/@types/node/download/@types/node-7.0.10.tgz#d860abb18c1b58b552c7c6cd8b2ba7adf6546fa3"

"@types/nodemailer-direct-transport@*":
  version "1.0.29"
  resolved "http://registry.npm.taobao.org/@types/nodemailer-direct-transport/download/@types/nodemailer-direct-transport-1.0.29.tgz#0247bb4734f8bbf9398241b16b41022e1303ddf1"
  dependencies:
    "@types/nodemailer" "*"

"@types/nodemailer-smtp-transport@*":
  version "1.0.29"
  resolved "http://registry.npm.taobao.org/@types/nodemailer-smtp-transport/download/@types/nodemailer-smtp-transport-1.0.29.tgz#46d71e4e23a526bd32ddf449613b58896b1e3164"
  dependencies:
    "@types/node" "*"
    "@types/nodemailer" "*"

"@types/nodemailer@*", "@types/nodemailer@^1.3.32":
  version "1.3.32"
  resolved "http://registry.npm.taobao.org/@types/nodemailer/download/@types/nodemailer-1.3.32.tgz#76388aa9389a9290416c98eafd7d24d80efa2333"
  dependencies:
    "@types/bluebird" "*"
    "@types/node" "*"
    "@types/nodemailer-direct-transport" "*"
    "@types/nodemailer-smtp-transport" "*"

"@types/sequelize@^4.0.41":
  version "4.0.49"
  resolved "http://registry.npm.taobao.org/@types/sequelize/download/@types/sequelize-4.0.49.tgz#e844da2fd1f15c9bdd81bdc936cd84ed7bc0e3d6"
  dependencies:
    "@types/bluebird" "*"
    "@types/lodash" "*"
    "@types/validator" "*"

"@types/socket.io@^1.4.28":
  version "1.4.29"
  resolved "http://registry.npm.taobao.org/@types/socket.io/download/@types/socket.io-1.4.29.tgz#86a6b3a9ab78cf9a900ceef85b9b68b6bea86712"
  dependencies:
    "@types/node" "*"

"@types/validator@*":
  version "6.2.0"
  resolved "http://registry.npm.taobao.org/@types/validator/download/@types/validator-6.2.0.tgz#020322fe1929f69889eb675a1bdb5a98394b71f0"

accepts@1.3.3, accepts@^1.2.2:
  version "1.3.3"
  resolved "http://registry.npm.taobao.org/accepts/download/accepts-1.3.3.tgz#c3ca7434938648c3e0d9c1e328dd68b622c284ca"
  dependencies:
    mime-types "~2.1.11"
    negotiator "0.6.1"

after@0.8.2:
  version "0.8.2"
  resolved "http://registry.npm.taobao.org/after/download/after-0.8.2.tgz#fedb394f9f0e02aa9768e702bda23b505fae7e1f"

ansi-regex@^2.0.0:
  version "2.1.1"
  resolved "http://registry.npm.taobao.org/ansi-regex/download/ansi-regex-2.1.1.tgz#c3b33ab5ee360d86e0e628f0468ae7ef27d654df"

ansi-styles@^2.2.1:
  version "2.2.1"
  resolved "http://registry.npm.taobao.org/ansi-styles/download/ansi-styles-2.2.1.tgz#b432dd3358b634cf75e1e4664368240533c1ddbe"

any-promise@^1.0.0, any-promise@^1.1.0, any-promise@^1.3.0:
  version "1.3.0"
  resolved "http://registry.npm.taobao.org/any-promise/download/any-promise-1.3.0.tgz#abc6afeedcea52e809cdc0376aed3ce39635d17f"

arraybuffer.slice@0.0.6:
  version "0.0.6"
  resolved "http://registry.npm.taobao.org/arraybuffer.slice/download/arraybuffer.slice-0.0.6.tgz#f33b2159f0532a3f3107a272c0ccfbd1ad2979ca"

backo2@1.0.2:
  version "1.0.2"
  resolved "http://registry.npm.taobao.org/backo2/download/backo2-1.0.2.tgz#31ab1ac8b129363463e35b3ebb69f4dfcfba7947"

base64-arraybuffer@0.1.5:
  version "0.1.5"
  resolved "http://registry.npm.taobao.org/base64-arraybuffer/download/base64-arraybuffer-0.1.5.tgz#73926771923b5a19747ad666aa5cd4bf9c6e9ce8"

base64id@1.0.0:
  version "1.0.0"
  resolved "http://registry.npm.taobao.org/base64id/download/base64id-1.0.0.tgz#47688cb99bb6804f0e06d3e763b1c32e57d8e6b6"

better-assert@~1.0.0:
  version "1.0.2"
  resolved "http://registry.npm.taobao.org/better-assert/download/better-assert-1.0.2.tgz#40866b9e1b9e0b55b481894311e68faffaebc522"
  dependencies:
    callsite "1.0.0"

bignumber.js@3.1.2:
  version "3.1.2"
  resolved "http://registry.npm.taobao.org/bignumber.js/download/bignumber.js-3.1.2.tgz#f3bdb99ad5268a15fc1f0bed2fb018e2693fe236"

blob@0.0.4:
  version "0.0.4"
  resolved "http://registry.npm.taobao.org/blob/download/blob-0.0.4.tgz#bcf13052ca54463f30f9fc7e95b9a47630a94921"

bluebird@^3.3.4, bluebird@^3.4.6:
  version "3.5.0"
  resolved "http://registry.npm.taobao.org/bluebird/download/bluebird-3.5.0.tgz#791420d7f551eea2897453a8a77653f96606d67c"

bytes@1:
  version "1.0.0"
  resolved "http://registry.npm.taobao.org/bytes/download/bytes-1.0.0.tgz#3569ede8ba34315fab99c3e92cb04c7220de1fa8"

bytes@2.4.0:
  version "2.4.0"
  resolved "http://registry.npm.taobao.org/bytes/download/bytes-2.4.0.tgz#7d97196f9d5baf7f6935e25985549edd2a6c2339"

callsite@1.0.0:
  version "1.0.0"
  resolved "http://registry.npm.taobao.org/callsite/download/callsite-1.0.0.tgz#280398e5d664bd74038b6f0905153e6e8af1bc20"

chalk@^1.1.3:
  version "1.1.3"
  resolved "http://registry.npm.taobao.org/chalk/download/chalk-1.1.3.tgz#a8115c55e4a702fe4d150abd3872822a7e09fc98"
  dependencies:
    ansi-styles "^2.2.1"
    escape-string-regexp "^1.0.2"
    has-ansi "^2.0.0"
    strip-ansi "^3.0.0"
    supports-color "^2.0.0"

co-body@^4.2.0:
  version "4.2.0"
  resolved "http://registry.npm.taobao.org/co-body/download/co-body-4.2.0.tgz#74df20fa73262125dc45482af04e342ea8db3515"
  dependencies:
    inflation "~2.0.0"
    qs "~4.0.0"
    raw-body "~2.1.2"
    type-is "~1.6.6"

co@^4.6.0:
  version "4.6.0"
  resolved "http://registry.npm.taobao.org/co/download/co-4.6.0.tgz#6ea6bdf3d853ae54ccb8e47bfa0bf3f9031fb184"

component-bind@1.0.0:
  version "1.0.0"
  resolved "http://registry.npm.taobao.org/component-bind/download/component-bind-1.0.0.tgz#00c608ab7dcd93897c0009651b1d3a8e1e73bbd1"

component-emitter@1.1.2:
  version "1.1.2"
  resolved "http://registry.npm.taobao.org/component-emitter/download/component-emitter-1.1.2.tgz#296594f2753daa63996d2af08d15a95116c9aec3"

component-emitter@1.2.1:
  version "1.2.1"
  resolved "http://registry.npm.taobao.org/component-emitter/download/component-emitter-1.2.1.tgz#137918d6d78283f7df7a6b7c5a63e140e69425e6"

component-inherit@0.0.3:
  version "0.0.3"
  resolved "http://registry.npm.taobao.org/component-inherit/download/component-inherit-0.0.3.tgz#645fc4adf58b72b649d5cae65135619db26ff143"

content-disposition@~0.5.0:
  version "0.5.2"
  resolved "http://registry.npm.taobao.org/content-disposition/download/content-disposition-0.5.2.tgz#0cf68bb9ddf5f2be7961c3a85178cb85dba78cb4"

content-type@^1.0.0:
  version "1.0.2"
  resolved "http://registry.npm.taobao.org/content-type/download/content-type-1.0.2.tgz#b7d113aee7a8dd27bd21133c4dc2529df1721eed"

cookie@0.3.1:
  version "0.3.1"
  resolved "http://registry.npm.taobao.org/cookie/download/cookie-0.3.1.tgz#e7e0a1f9ef43b4c8ba925c5c5a96e806d16873bb"

cookies@~0.7.0:
  version "0.7.0"
  resolved "http://registry.npm.taobao.org/cookies/download/cookies-0.7.0.tgz#0bc961d910c35254980fc7c9eff5da12011bbf00"
  dependencies:
    depd "~1.1.0"
    keygrip "~1.0.1"

core-util-is@~1.0.0:
  version "1.0.2"
  resolved "http://registry.npm.taobao.org/core-util-is/download/core-util-is-1.0.2.tgz#b5fd54220aa2bc5ab57aab7140c940754503c1a7"

cross-env@^3.1.2:
  version "3.2.4"
  resolved "http://registry.npm.taobao.org/cross-env/download/cross-env-3.2.4.tgz#9e0585f277864ed421ce756f81a980ff0d698aba"
  dependencies:
    cross-spawn "^5.1.0"
    is-windows "^1.0.0"

cross-spawn@^5.1.0:
  version "5.1.0"
  resolved "http://registry.npm.taobao.org/cross-spawn/download/cross-spawn-5.1.0.tgz#e8bd0efee58fcff6f8f94510a0a554bbfa235449"
  dependencies:
    lru-cache "^4.0.1"
    shebang-command "^1.2.0"
    which "^1.2.9"

debug@*, debug@^2.2.0, debug@^2.6.0:
  version "2.6.3"
  resolved "http://registry.npm.taobao.org/debug/download/debug-2.6.3.tgz#0f7eb8c30965ec08c72accfa0130c8b79984141d"
  dependencies:
    ms "0.7.2"

debug@2.2.0:
  version "2.2.0"
  resolved "http://registry.npm.taobao.org/debug/download/debug-2.2.0.tgz#f87057e995b1a1f6ae6a4960664137bc56f039da"
  dependencies:
    ms "0.7.1"

debug@2.3.3:
  version "2.3.3"
  resolved "http://registry.npm.taobao.org/debug/download/debug-2.3.3.tgz#40c453e67e6e13c901ddec317af8986cda9eff8c"
  dependencies:
    ms "0.7.2"

deep-equal@~1.0.0:
  version "1.0.1"
  resolved "http://registry.npm.taobao.org/deep-equal/download/deep-equal-1.0.1.tgz#f5d260292b660e084eff4cdbc9f08ad3247448b5"

delegates@^1.0.0:
  version "1.0.0"
  resolved "http://registry.npm.taobao.org/delegates/download/delegates-1.0.0.tgz#84c6e159b81904fdca59a0ef44cd870d31250f9a"

depd@1.1.0, depd@^1.1.0, depd@~1.1.0:
  version "1.1.0"
  resolved "http://registry.npm.taobao.org/depd/download/depd-1.1.0.tgz#e1bd82c6aab6ced965b97b88b17ed3e528ca18c3"

destroy@^1.0.3:
  version "1.0.4"
  resolved "http://registry.npm.taobao.org/destroy/download/destroy-1.0.4.tgz#978857442c44749e4206613e37946205826abd80"

dottie@^1.0.0:
  version "1.1.1"
  resolved "http://registry.npm.taobao.org/dottie/download/dottie-1.1.1.tgz#45c2a3f48bd6528eeed267a69a848eaaca6faa6a"

double-ended-queue@^2.1.0-0:
  version "2.1.0-0"
  resolved "http://registry.npm.taobao.org/double-ended-queue/download/double-ended-queue-2.1.0-0.tgz#103d3527fd31528f40188130c841efdd78264e5c"

ee-first@1.1.1:
  version "1.1.1"
  resolved "http://registry.npm.taobao.org/ee-first/download/ee-first-1.1.1.tgz#590c61156b0ae2f4f0255732a158b266bc56b21d"

engine.io-client@1.8.3:
  version "1.8.3"
  resolved "http://registry.npm.taobao.org/engine.io-client/download/engine.io-client-1.8.3.tgz#1798ed93451246453d4c6f635d7a201fe940d5ab"
  dependencies:
    component-emitter "1.2.1"
    component-inherit "0.0.3"
    debug "2.3.3"
    engine.io-parser "1.3.2"
    has-cors "1.1.0"
    indexof "0.0.1"
    parsejson "0.0.3"
    parseqs "0.0.5"
    parseuri "0.0.5"
    ws "1.1.2"
    xmlhttprequest-ssl "1.5.3"
    yeast "0.1.2"

engine.io-parser@1.3.2:
  version "1.3.2"
  resolved "http://registry.npm.taobao.org/engine.io-parser/download/engine.io-parser-1.3.2.tgz#937b079f0007d0893ec56d46cb220b8cb435220a"
  dependencies:
    after "0.8.2"
    arraybuffer.slice "0.0.6"
    base64-arraybuffer "0.1.5"
    blob "0.0.4"
    has-binary "0.1.7"
    wtf-8 "1.0.0"

engine.io@1.8.3:
  version "1.8.3"
  resolved "http://registry.npm.taobao.org/engine.io/download/engine.io-1.8.3.tgz#8de7f97895d20d39b85f88eeee777b2bd42b13d4"
  dependencies:
    accepts "1.3.3"
    base64id "1.0.0"
    cookie "0.3.1"
    debug "2.3.3"
    engine.io-parser "1.3.2"
    ws "1.1.2"

error-inject@~1.0.0:
  version "1.0.0"
  resolved "http://registry.npm.taobao.org/error-inject/download/error-inject-1.0.0.tgz#e2b3d91b54aed672f309d950d154850fa11d4f37"

escape-html@~1.0.1:
  version "1.0.3"
  resolved "http://registry.npm.taobao.org/escape-html/download/escape-html-1.0.3.tgz#0258eae4d3d0c0974de1c169188ef0051d1d1988"

escape-string-regexp@^1.0.2:
  version "1.0.5"
  resolved "http://registry.npm.taobao.org/escape-string-regexp/download/escape-string-regexp-1.0.5.tgz#1b61c0562190a8dff6ae3bb2cf0200ca130b86d4"

fresh@^0.5.0:
  version "0.5.0"
  resolved "http://registry.npm.taobao.org/fresh/download/fresh-0.5.0.tgz#f474ca5e6a9246d6fd8e0953cfa9b9c805afa78e"

fs-extra@^2.0.0:
  version "2.1.2"
  resolved "http://registry.npm.taobao.org/fs-extra/download/fs-extra-2.1.2.tgz#046c70163cef9aad46b0e4a7fa467fb22d71de35"
  dependencies:
    graceful-fs "^4.1.2"
    jsonfile "^2.1.0"

fs-promise@^2.0.0:
  version "2.0.0"
  resolved "http://registry.npm.taobao.org/fs-promise/download/fs-promise-2.0.0.tgz#d1c8bae6ab2bc2ea0cfad643d5fb1c07814d22b3"
  dependencies:
    "@types/fs-extra" "0.0.37"
    "@types/mz" "0.0.30"
    any-promise "^1.3.0"
    fs-extra "^2.0.0"
    mz "^2.6.0"
    thenify-all "^1.6.0"

generic-pool@2.4.2:
  version "2.4.2"
  resolved "http://registry.npm.taobao.org/generic-pool/download/generic-pool-2.4.2.tgz#886bc5bf0beb7db96e81bcbba078818de5a62683"

graceful-fs@^4.1.2, graceful-fs@^4.1.6:
  version "4.1.11"
  resolved "http://registry.npm.taobao.org/graceful-fs/download/graceful-fs-4.1.11.tgz#0e8bdfe4d1ddb8854d64e04ea7c00e2a026e5658"

has-ansi@^2.0.0:
  version "2.0.0"
  resolved "http://registry.npm.taobao.org/has-ansi/download/has-ansi-2.0.0.tgz#34f5049ce1ecdf2b0649af3ef24e45ed35416d91"
  dependencies:
    ansi-regex "^2.0.0"

has-binary@0.1.7:
  version "0.1.7"
  resolved "http://registry.npm.taobao.org/has-binary/download/has-binary-0.1.7.tgz#68e61eb16210c9545a0a5cce06a873912fe1e68c"
  dependencies:
    isarray "0.0.1"

has-cors@1.1.0:
  version "1.1.0"
  resolved "http://registry.npm.taobao.org/has-cors/download/has-cors-1.1.0.tgz#5e474793f7ea9843d1bb99c23eef49ff126fff39"

http-assert@^1.1.0:
  version "1.2.0"
  resolved "http://registry.npm.taobao.org/http-assert/download/http-assert-1.2.0.tgz#d6392e6f6519def4e340266b35096db6d3feba00"
  dependencies:
    deep-equal "~1.0.0"
    http-errors "~1.4.0"

http-errors@^1.2.8, http-errors@^1.3.1:
  version "1.6.1"
  resolved "http://registry.npm.taobao.org/http-errors/download/http-errors-1.6.1.tgz#5f8b8ed98aca545656bf572997387f904a722257"
  dependencies:
    depd "1.1.0"
    inherits "2.0.3"
    setprototypeof "1.0.3"
    statuses ">= 1.3.1 < 2"

http-errors@~1.4.0:
  version "1.4.0"
  resolved "http://registry.npm.taobao.org/http-errors/download/http-errors-1.4.0.tgz#6c0242dea6b3df7afda153c71089b31c6e82aabf"
  dependencies:
    inherits "2.0.1"
    statuses ">= 1.2.1 < 2"

http-errors@~1.5.0:
  version "1.5.1"
  resolved "http://registry.npm.taobao.org/http-errors/download/http-errors-1.5.1.tgz#788c0d2c1de2c81b9e6e8c01843b6b97eb920750"
  dependencies:
    inherits "2.0.3"
    setprototypeof "1.0.2"
    statuses ">= 1.3.1 < 2"

humanize-number@0.0.2:
  version "0.0.2"
  resolved "http://registry.npm.taobao.org/humanize-number/download/humanize-number-0.0.2.tgz#11c0af6a471643633588588048f1799541489c18"

iconv-lite@0.4.13:
  version "0.4.13"
  resolved "http://registry.npm.taobao.org/iconv-lite/download/iconv-lite-0.4.13.tgz#1f88aba4ab0b1508e8312acc39345f36e992e2f2"

indexof@0.0.1:
  version "0.0.1"
  resolved "http://registry.npm.taobao.org/indexof/download/indexof-0.0.1.tgz#82dc336d232b9062179d05ab3293a66059fd435d"

inflation@~2.0.0:
  version "2.0.0"
  resolved "http://registry.npm.taobao.org/inflation/download/inflation-2.0.0.tgz#8b417e47c28f925a45133d914ca1fd389107f30f"

inflection@^1.6.0:
  version "1.12.0"
  resolved "http://registry.npm.taobao.org/inflection/download/inflection-1.12.0.tgz#a200935656d6f5f6bc4dc7502e1aecb703228416"

inherits@2.0.1:
  version "2.0.1"
  resolved "http://registry.npm.taobao.org/inherits/download/inherits-2.0.1.tgz#b17d08d326b4423e568eff719f91b0b1cbdf69f1"

inherits@2.0.3, inherits@~2.0.1:
  version "2.0.3"
  resolved "http://registry.npm.taobao.org/inherits/download/inherits-2.0.3.tgz#633c2c83e3da42a502f52466022480f4208261de"

is-generator-function@^1.0.3:
  version "1.0.6"
  resolved "http://registry.npm.taobao.org/is-generator-function/download/is-generator-function-1.0.6.tgz#9e71653cd15fff341c79c4151460a131d31e9fc4"

is-windows@^1.0.0:
  version "1.0.0"
  resolved "http://registry.npm.taobao.org/is-windows/download/is-windows-1.0.0.tgz#c61d61020c3ebe99261b781bd3d1622395f547f8"

isarray@0.0.1:
  version "0.0.1"
  resolved "http://registry.npm.taobao.org/isarray/download/isarray-0.0.1.tgz#8a18acfca9a8f4177e09abfc6038939b05d1eedf"

isexe@^1.1.1:
  version "1.1.2"
  resolved "http://registry.npm.taobao.org/isexe/download/isexe-1.1.2.tgz#36f3e22e60750920f5e7241a476a8c6a42275ad0"

json3@3.3.2:
  version "3.3.2"
  resolved "http://registry.npm.taobao.org/json3/download/json3-3.3.2.tgz#3c0434743df93e2f5c42aee7b19bcb483575f4e1"

jsonfile@^2.1.0:
  version "2.4.0"
  resolved "http://registry.npm.taobao.org/jsonfile/download/jsonfile-2.4.0.tgz#3736a2b428b87bbda0cc83b53fa3d633a35c2ae8"
  optionalDependencies:
    graceful-fs "^4.1.6"

keygrip@~1.0.1:
  version "1.0.1"
  resolved "http://registry.npm.taobao.org/keygrip/download/keygrip-1.0.1.tgz#b02fa4816eef21a8c4b35ca9e52921ffc89a30e9"

koa-bodyparser@^3.2.0:
  version "3.2.0"
  resolved "http://registry.npm.taobao.org/koa-bodyparser/download/koa-bodyparser-3.2.0.tgz#b916de17e2039fe82650481973d7c294f10b5719"
  dependencies:
    co-body "^4.2.0"

koa-compose@^3.0.0:
  version "3.2.1"
  resolved "http://registry.npm.taobao.org/koa-compose/download/koa-compose-3.2.1.tgz#a85ccb40b7d986d8e5a345b3a1ace8eabcf54de7"
  dependencies:
    any-promise "^1.1.0"

koa-convert@^1.2.0:
  version "1.2.0"
  resolved "http://registry.npm.taobao.org/koa-convert/download/koa-convert-1.2.0.tgz#da40875df49de0539098d1700b50820cebcd21d0"
  dependencies:
    co "^4.6.0"
    koa-compose "^3.0.0"

koa-cors@0.0.16:
  version "0.0.16"
  resolved "http://registry.npm.taobao.org/koa-cors/download/koa-cors-0.0.16.tgz#98107993a7909e34c042986c5ec6156d77f3432e"

koa-is-json@^1.0.0:
  version "1.0.0"
  resolved "http://registry.npm.taobao.org/koa-is-json/download/koa-is-json-1.0.0.tgz#273c07edcdcb8df6a2c1ab7d59ee76491451ec14"

koa-logger@^2.0.1:
  version "2.0.1"
  resolved "http://registry.npm.taobao.org/koa-logger/download/koa-logger-2.0.1.tgz#3ee42f457c40fb4d4a19a131c8022504b5b232b8"
  dependencies:
    bytes "1"
    chalk "^1.1.3"
    humanize-number "0.0.2"
    passthrough-counter "^1.0.0"

koa-router@^7.1.0:
  version "7.1.0"
  resolved "http://registry.npm.taobao.org/koa-router/download/koa-router-7.1.0.tgz#2fe6d7e6da7e3c46d8781953835c70513a6871f5"
  dependencies:
    debug "^2.2.0"
    http-errors "^1.3.1"
    koa-compose "^3.0.0"
    methods "^1.0.1"
    path-to-regexp "^1.1.1"

koa-send@^3.2.0:
  version "3.3.0"
  resolved "http://registry.npm.taobao.org/koa-send/download/koa-send-3.3.0.tgz#5a4ae245564680c6ecf6079e9275fa5173a861dc"
  dependencies:
    co "^4.6.0"
    debug "^2.6.0"
    mz "^2.3.1"
    resolve-path "^1.3.1"

koa-static@^3.0.0:
  version "3.0.0"
  resolved "http://registry.npm.taobao.org/koa-static/download/koa-static-3.0.0.tgz#40442233d2c0b35c225e450199c10bf8a539e416"
  dependencies:
    debug "*"
    koa-send "^3.2.0"

koa@^2.0.0-alpha.8:
  version "2.2.0"
  resolved "http://registry.npm.taobao.org/koa/download/koa-2.2.0.tgz#b055933187849d540ad8b9f731baaa4be97c652d"
  dependencies:
    accepts "^1.2.2"
    content-disposition "~0.5.0"
    content-type "^1.0.0"
    cookies "~0.7.0"
    debug "*"
    delegates "^1.0.0"
    depd "^1.1.0"
    destroy "^1.0.3"
    error-inject "~1.0.0"
    escape-html "~1.0.1"
    fresh "^0.5.0"
    http-assert "^1.1.0"
    http-errors "^1.2.8"
    is-generator-function "^1.0.3"
    koa-compose "^3.0.0"
    koa-convert "^1.2.0"
    koa-is-json "^1.0.0"
    mime-types "^2.0.7"
    on-finished "^2.1.0"
    only "0.0.2"
    parseurl "^1.3.0"
    statuses "^1.2.0"
    type-is "^1.5.5"
    vary "^1.0.0"

lodash@4.12.0:
  version "4.12.0"
  resolved "http://registry.npm.taobao.org/lodash/download/lodash-4.12.0.tgz#2bd6dc46a040f59e686c972ed21d93dc59053258"

lru-cache@^4.0.1:
  version "4.0.2"
  resolved "http://registry.npm.taobao.org/lru-cache/download/lru-cache-4.0.2.tgz#1d17679c069cda5d040991a09dbc2c0db377e55e"
  dependencies:
    pseudomap "^1.0.1"
    yallist "^2.0.0"

media-typer@0.3.0:
  version "0.3.0"
  resolved "http://registry.npm.taobao.org/media-typer/download/media-typer-0.3.0.tgz#8710d7af0aa626f8fffa1ce00168545263255748"

methods@^1.0.1:
  version "1.1.2"
  resolved "http://registry.npm.taobao.org/methods/download/methods-1.1.2.tgz#5529a4d67654134edcc5266656835b0f851afcee"

mime-db@~1.26.0:
  version "1.26.0"
  resolved "http://registry.npm.taobao.org/mime-db/download/mime-db-1.26.0.tgz#eaffcd0e4fc6935cf8134da246e2e6c35305adff"

mime-types@^2.0.7, mime-types@~2.1.11, mime-types@~2.1.13:
  version "2.1.14"
  resolved "http://registry.npm.taobao.org/mime-types/download/mime-types-2.1.14.tgz#f7ef7d97583fcaf3b7d282b6f8b5679dab1e94ee"
  dependencies:
    mime-db "~1.26.0"

moment-timezone@^0.5.4:
  version "0.5.11"
  resolved "http://registry.npm.taobao.org/moment-timezone/download/moment-timezone-0.5.11.tgz#9b76c03d8ef514c7e4249a7bbce649eed39ef29f"
  dependencies:
    moment ">= 2.6.0"

"moment@>= 2.6.0", moment@^2.13.0:
  version "2.18.1"
  resolved "http://registry.npm.taobao.org/moment/download/moment-2.18.1.tgz#c36193dd3ce1c2eed2adb7c802dbbc77a81b1c0f"

ms@0.7.1:
  version "0.7.1"
  resolved "http://registry.npm.taobao.org/ms/download/ms-0.7.1.tgz#9cd13c03adbff25b65effde7ce864ee952017098"

ms@0.7.2:
  version "0.7.2"
  resolved "http://registry.npm.taobao.org/ms/download/ms-0.7.2.tgz#ae25cf2512b3885a1d95d7f037868d8431124765"

mysql@^2.13.0:
  version "2.13.0"
  resolved "http://registry.npm.taobao.org/mysql/download/mysql-2.13.0.tgz#998f1f8ca46e2e3dd7149ce982413653986aae47"
  dependencies:
    bignumber.js "3.1.2"
    readable-stream "1.1.14"
    sqlstring "2.2.0"

mz@^2.3.1, mz@^2.6.0:
  version "2.6.0"
  resolved "http://registry.npm.taobao.org/mz/download/mz-2.6.0.tgz#c8b8521d958df0a4f2768025db69c719ee4ef1ce"
  dependencies:
    any-promise "^1.0.0"
    object-assign "^4.0.1"
    thenify-all "^1.0.0"

negotiator@0.6.1:
  version "0.6.1"
  resolved "http://registry.npm.taobao.org/negotiator/download/negotiator-0.6.1.tgz#2b327184e8992101177b28563fb5e7102acd0ca9"

nodemailer@^3.1.4:
  version "3.1.8"
  resolved "http://registry.npm.taobao.org/nodemailer/download/nodemailer-3.1.8.tgz#febfaccb4bd273678473a309c6cb4b4a2f3c48e3"

object-assign@4.1.0:
  version "4.1.0"
  resolved "http://registry.npm.taobao.org/object-assign/download/object-assign-4.1.0.tgz#7a3b3d0e98063d43f4c03f2e8ae6cd51a86883a0"

object-assign@^4.0.1:
  version "4.1.1"
  resolved "http://registry.npm.taobao.org/object-assign/download/object-assign-4.1.1.tgz#2109adc7965887cfc05cbbd442cac8bfbb360863"

object-component@0.0.3:
  version "0.0.3"
  resolved "http://registry.npm.taobao.org/object-component/download/object-component-0.0.3.tgz#f0c69aa50efc95b866c186f400a33769cb2f1291"

on-finished@^2.1.0:
  version "2.3.0"
  resolved "http://registry.npm.taobao.org/on-finished/download/on-finished-2.3.0.tgz#20f1336481b083cd75337992a16971aa2d906947"
  dependencies:
    ee-first "1.1.1"

only@0.0.2:
  version "0.0.2"
  resolved "http://registry.npm.taobao.org/only/download/only-0.0.2.tgz#2afde84d03e50b9a8edc444e30610a70295edfb4"

options@>=0.0.5:
  version "0.0.6"
  resolved "http://registry.npm.taobao.org/options/download/options-0.0.6.tgz#ec22d312806bb53e731773e7cdaefcf1c643128f"

parsejson@0.0.3:
  version "0.0.3"
  resolved "http://registry.npm.taobao.org/parsejson/download/parsejson-0.0.3.tgz#ab7e3759f209ece99437973f7d0f1f64ae0e64ab"
  dependencies:
    better-assert "~1.0.0"

parseqs@0.0.5:
  version "0.0.5"
  resolved "http://registry.npm.taobao.org/parseqs/download/parseqs-0.0.5.tgz#d5208a3738e46766e291ba2ea173684921a8b89d"
  dependencies:
    better-assert "~1.0.0"

parseuri@0.0.5:
  version "0.0.5"
  resolved "http://registry.npm.taobao.org/parseuri/download/parseuri-0.0.5.tgz#80204a50d4dbb779bfdc6ebe2778d90e4bce320a"
  dependencies:
    better-assert "~1.0.0"

parseurl@^1.3.0:
  version "1.3.1"
  resolved "http://registry.npm.taobao.org/parseurl/download/parseurl-1.3.1.tgz#c8ab8c9223ba34888aa64a297b28853bec18da56"

passthrough-counter@^1.0.0:
  version "1.0.0"
  resolved "http://registry.npm.taobao.org/passthrough-counter/download/passthrough-counter-1.0.0.tgz#1967d9e66da572b5c023c787db112a387ab166fa"

path-is-absolute@1.0.1:
  version "1.0.1"
  resolved "http://registry.npm.taobao.org/path-is-absolute/download/path-is-absolute-1.0.1.tgz#174b9268735534ffbc7ace6bf53a5a9e1b5c5f5f"

path-to-regexp@^1.1.1:
  version "1.7.0"
  resolved "http://registry.npm.taobao.org/path-to-regexp/download/path-to-regexp-1.7.0.tgz#59fde0f435badacba103a84e9d3bc64e96b9937d"
  dependencies:
    isarray "0.0.1"

pseudomap@^1.0.1:
  version "1.0.2"
  resolved "http://registry.npm.taobao.org/pseudomap/download/pseudomap-1.0.2.tgz#f052a28da70e618917ef0a8ac34c1ae5a68286b3"

qs@~4.0.0:
  version "4.0.0"
  resolved "http://registry.npm.taobao.org/qs/download/qs-4.0.0.tgz#c31d9b74ec27df75e543a86c78728ed8d4623607"

raw-body@~2.1.2:
  version "2.1.7"
  resolved "http://registry.npm.taobao.org/raw-body/download/raw-body-2.1.7.tgz#adfeace2e4fb3098058014d08c072dcc59758774"
  dependencies:
    bytes "2.4.0"
    iconv-lite "0.4.13"
    unpipe "1.0.0"

readable-stream@1.1.14:
  version "1.1.14"
  resolved "http://registry.npm.taobao.org/readable-stream/download/readable-stream-1.1.14.tgz#7cf4c54ef648e3813084c636dd2079e166c081d9"
  dependencies:
    core-util-is "~1.0.0"
    inherits "~2.0.1"
    isarray "0.0.1"
    string_decoder "~0.10.x"

redis-commands@^1.2.0:
  version "1.3.1"
  resolved "http://registry.npm.taobao.org/redis-commands/download/redis-commands-1.3.1.tgz#81d826f45fa9c8b2011f4cd7a0fe597d241d442b"

redis-parser@^2.5.0:
  version "2.5.0"
  resolved "http://registry.npm.taobao.org/redis-parser/download/redis-parser-2.5.0.tgz#79fc2b1d4a6e4d2870b35368433639271fca2617"

redis@^2.7.1:
  version "2.7.1"
  resolved "http://registry.npm.taobao.org/redis/download/redis-2.7.1.tgz#7d56f7875b98b20410b71539f1d878ed58ebf46a"
  dependencies:
    double-ended-queue "^2.1.0-0"
    redis-commands "^1.2.0"
    redis-parser "^2.5.0"

resolve-path@^1.3.1:
  version "1.3.3"
  resolved "http://registry.npm.taobao.org/resolve-path/download/resolve-path-1.3.3.tgz#4d83aba6468c2b8e632a575e3f52b0fa0dbe1a5c"
  dependencies:
    http-errors "~1.5.0"
    path-is-absolute "1.0.1"

retry-as-promised@^2.0.0:
  version "2.2.0"
  resolved "http://registry.npm.taobao.org/retry-as-promised/download/retry-as-promised-2.2.0.tgz#b0463d7fd3cf5b2fed64500ab6e8b8a49c5b8e6c"
  dependencies:
    bluebird "^3.4.6"
    cross-env "^3.1.2"
    debug "^2.2.0"

semver@^5.0.1:
  version "5.3.0"
  resolved "http://registry.npm.taobao.org/semver/download/semver-5.3.0.tgz#9b2ce5d3de02d17c6012ad326aa6b4d0cf54f94f"

sequelize@^3.30.2:
  version "3.30.2"
  resolved "http://registry.npm.taobao.org/sequelize/download/sequelize-3.30.2.tgz#8fb5a5769a01777451593924092f9d3061eb935f"
  dependencies:
    bluebird "^3.3.4"
    depd "^1.1.0"
    dottie "^1.0.0"
    generic-pool "2.4.2"
    inflection "^1.6.0"
    lodash "4.12.0"
    moment "^2.13.0"
    moment-timezone "^0.5.4"
    retry-as-promised "^2.0.0"
    semver "^5.0.1"
    shimmer "1.1.0"
    terraformer-wkt-parser "^1.1.0"
    toposort-class "^1.0.1"
    uuid "^3.0.0"
    validator "^5.2.0"
    wkx "0.2.0"

setprototypeof@1.0.2:
  version "1.0.2"
  resolved "http://registry.npm.taobao.org/setprototypeof/download/setprototypeof-1.0.2.tgz#81a552141ec104b88e89ce383103ad5c66564d08"

setprototypeof@1.0.3:
  version "1.0.3"
  resolved "http://registry.npm.taobao.org/setprototypeof/download/setprototypeof-1.0.3.tgz#66567e37043eeb4f04d91bd658c0cbefb55b8e04"

shebang-command@^1.2.0:
  version "1.2.0"
  resolved "http://registry.npm.taobao.org/shebang-command/download/shebang-command-1.2.0.tgz#44aac65b695b03398968c39f363fee5deafdf1ea"
  dependencies:
    shebang-regex "^1.0.0"

shebang-regex@^1.0.0:
  version "1.0.0"
  resolved "http://registry.npm.taobao.org/shebang-regex/download/shebang-regex-1.0.0.tgz#da42f49740c0b42db2ca9728571cb190c98efea3"

shimmer@1.1.0:
  version "1.1.0"
  resolved "http://registry.npm.taobao.org/shimmer/download/shimmer-1.1.0.tgz#97d7377137ffbbab425522e429fe0aa89a488b35"

socket.io-adapter@0.5.0:
  version "0.5.0"
  resolved "http://registry.npm.taobao.org/socket.io-adapter/download/socket.io-adapter-0.5.0.tgz#cb6d4bb8bec81e1078b99677f9ced0046066bb8b"
  dependencies:
    debug "2.3.3"
    socket.io-parser "2.3.1"

socket.io-client@1.7.3:
  version "1.7.3"
  resolved "http://registry.npm.taobao.org/socket.io-client/download/socket.io-client-1.7.3.tgz#b30e86aa10d5ef3546601c09cde4765e381da377"
  dependencies:
    backo2 "1.0.2"
    component-bind "1.0.0"
    component-emitter "1.2.1"
    debug "2.3.3"
    engine.io-client "1.8.3"
    has-binary "0.1.7"
    indexof "0.0.1"
    object-component "0.0.3"
    parseuri "0.0.5"
    socket.io-parser "2.3.1"
    to-array "0.1.4"

socket.io-parser@2.3.1:
  version "2.3.1"
  resolved "http://registry.npm.taobao.org/socket.io-parser/download/socket.io-parser-2.3.1.tgz#dd532025103ce429697326befd64005fcfe5b4a0"
  dependencies:
    component-emitter "1.1.2"
    debug "2.2.0"
    isarray "0.0.1"
    json3 "3.3.2"

socket.io@^1.7.3:
  version "1.7.3"
  resolved "http://registry.npm.taobao.org/socket.io/download/socket.io-1.7.3.tgz#b8af9caba00949e568e369f1327ea9be9ea2461b"
  dependencies:
    debug "2.3.3"
    engine.io "1.8.3"
    has-binary "0.1.7"
    object-assign "4.1.0"
    socket.io-adapter "0.5.0"
    socket.io-client "1.7.3"
    socket.io-parser "2.3.1"

sqlstring@2.2.0:
  version "2.2.0"
  resolved "http://registry.npm.taobao.org/sqlstring/download/sqlstring-2.2.0.tgz#c3135c4ea8abcd7e7ee741a4966a891d86a4f191"

"statuses@>= 1.2.1 < 2", "statuses@>= 1.3.1 < 2", statuses@^1.2.0:
  version "1.3.1"
  resolved "http://registry.npm.taobao.org/statuses/download/statuses-1.3.1.tgz#faf51b9eb74aaef3b3acf4ad5f61abf24cb7b93e"

string_decoder@~0.10.x:
  version "0.10.31"
  resolved "http://registry.npm.taobao.org/string_decoder/download/string_decoder-0.10.31.tgz#62e203bc41766c6c28c9fc84301dab1c5310fa94"

strip-ansi@^3.0.0:
  version "3.0.1"
  resolved "http://registry.npm.taobao.org/strip-ansi/download/strip-ansi-3.0.1.tgz#6a385fb8853d952d5ff05d0e8aaf94278dc63dcf"
  dependencies:
    ansi-regex "^2.0.0"

supports-color@^2.0.0:
  version "2.0.0"
  resolved "http://registry.npm.taobao.org/supports-color/download/supports-color-2.0.0.tgz#535d045ce6b6363fa40117084629995e9df324c7"

terraformer-wkt-parser@^1.1.0:
  version "1.1.2"
  resolved "http://registry.npm.taobao.org/terraformer-wkt-parser/download/terraformer-wkt-parser-1.1.2.tgz#336a0c8fc82094a5aff83288f69aedecd369bf0c"
  dependencies:
    terraformer "~1.0.5"

terraformer@~1.0.5:
  version "1.0.7"
  resolved "http://registry.npm.taobao.org/terraformer/download/terraformer-1.0.7.tgz#d8a19a56fbf25966ea062d21f515b93589702d69"

thenify-all@^1.0.0, thenify-all@^1.6.0:
  version "1.6.0"
  resolved "http://registry.npm.taobao.org/thenify-all/download/thenify-all-1.6.0.tgz#1a1918d402d8fc3f98fbf234db0bcc8cc10e9726"
  dependencies:
    thenify ">= 3.1.0 < 4"

"thenify@>= 3.1.0 < 4":
  version "3.2.1"
  resolved "http://registry.npm.taobao.org/thenify/download/thenify-3.2.1.tgz#251fd1c80aff6e5cf57cb179ab1fcb724269bd11"
  dependencies:
    any-promise "^1.0.0"

to-array@0.1.4:
  version "0.1.4"
  resolved "http://registry.npm.taobao.org/to-array/download/to-array-0.1.4.tgz#17e6c11f73dd4f3d74cda7a4ff3238e9ad9bf890"

toposort-class@^1.0.1:
  version "1.0.1"
  resolved "http://registry.npm.taobao.org/toposort-class/download/toposort-class-1.0.1.tgz#7ffd1f78c8be28c3ba45cd4e1a3f5ee193bd9988"

type-is@^1.5.5, type-is@~1.6.6:
  version "1.6.14"
  resolved "http://registry.npm.taobao.org/type-is/download/type-is-1.6.14.tgz#e219639c17ded1ca0789092dd54a03826b817cb2"
  dependencies:
    media-typer "0.3.0"
    mime-types "~2.1.13"

ultron@1.0.x:
  version "1.0.2"
  resolved "http://registry.npm.taobao.org/ultron/download/ultron-1.0.2.tgz#ace116ab557cd197386a4e88f4685378c8b2e4fa"

unpipe@1.0.0:
  version "1.0.0"
  resolved "http://registry.npm.taobao.org/unpipe/download/unpipe-1.0.0.tgz#b2bf4ee8514aae6165b4817829d21b2ef49904ec"

uuid@^3.0.0, uuid@^3.0.1:
  version "3.0.1"
  resolved "http://registry.npm.taobao.org/uuid/download/uuid-3.0.1.tgz#6544bba2dfda8c1cf17e629a3a305e2bb1fee6c1"

validator@^5.2.0:
  version "5.7.0"
  resolved "http://registry.npm.taobao.org/validator/download/validator-5.7.0.tgz#7a87a58146b695ac486071141c0c49d67da05e5c"

vary@^1.0.0:
  version "1.1.1"
  resolved "http://registry.npm.taobao.org/vary/download/vary-1.1.1.tgz#67535ebb694c1d52257457984665323f587e8d37"

which@^1.2.9:
  version "1.2.12"
  resolved "http://registry.npm.taobao.org/which/download/which-1.2.12.tgz#de67b5e450269f194909ef23ece4ebe416fa1192"
  dependencies:
    isexe "^1.1.1"

wkx@0.2.0:
  version "0.2.0"
  resolved "http://registry.npm.taobao.org/wkx/download/wkx-0.2.0.tgz#76c24f16acd0cd8f93cd34aa331e0f7961256e84"

ws@1.1.2:
  version "1.1.2"
  resolved "http://registry.npm.taobao.org/ws/download/ws-1.1.2.tgz#8a244fa052401e08c9886cf44a85189e1fd4067f"
  dependencies:
    options ">=0.0.5"
    ultron "1.0.x"

wtf-8@1.0.0:
  version "1.0.0"
  resolved "http://registry.npm.taobao.org/wtf-8/download/wtf-8-1.0.0.tgz#392d8ba2d0f1c34d1ee2d630f15d0efb68e1048a"

xmlhttprequest-ssl@1.5.3:
  version "1.5.3"
  resolved "http://registry.npm.taobao.org/xmlhttprequest-ssl/download/xmlhttprequest-ssl-1.5.3.tgz#185a888c04eca46c3e4070d99f7b49de3528992d"

yallist@^2.0.0:
  version "2.1.2"
  resolved "http://registry.npm.taobao.org/yallist/download/yallist-2.1.2.tgz#1c11f9218f076089a47dd512f93c6699a6a81d52"

yeast@0.1.2:
  version "0.1.2"
  resolved "http://registry.npm.taobao.org/yeast/download/yeast-0.1.2.tgz#008e06d8094320c372dbc2f8ed76a0ca6c8ac419"
